// !$*UTF8*$!
{
	archiveVersion = 1;
	classes = {
	};
	objectVersion = 46;
	objects = {

/* Begin PBXBuildFile section */
		23E1626B1BD991C400D542E0 /* main.m in Sources */ = {isa = PBXBuildFile; fileRef = 23E1626A1BD991C400D542E0 /* main.m */; };
		23E1626E1BD991C400D542E0 /* AppDelegate.m in Sources */ = {isa = PBXBuildFile; fileRef = 23E1626D1BD991C400D542E0 /* AppDelegate.m */; };
		23E162741BD991C400D542E0 /* Main.storyboard in Resources */ = {isa = PBXBuildFile; fileRef = 23E162721BD991C400D542E0 /* Main.storyboard */; };
		23E162761BD991C400D542E0 /* Assets.xcassets in Resources */ = {isa = PBXBuildFile; fileRef = 23E162751BD991C400D542E0 /* Assets.xcassets */; };
		23E162791BD991C400D542E0 /* LaunchScreen.storyboard in Resources */ = {isa = PBXBuildFile; fileRef = 23E162771BD991C400D542E0 /* LaunchScreen.storyboard */; };
		23E162841BD991C400D542E0 /* PicsterTests.m in Sources */ = {isa = PBXBuildFile; fileRef = 23E162831BD991C400D542E0 /* PicsterTests.m */; };
		23E1628F1BD991C400D542E0 /* PicsterUITests.m in Sources */ = {isa = PBXBuildFile; fileRef = 23E1628E1BD991C400D542E0 /* PicsterUITests.m */; };
		23E162A41BD992AE00D542E0 /* Bolts.framework in Frameworks */ = {isa = PBXBuildFile; fileRef = 23E1629D1BD992AE00D542E0 /* Bolts.framework */; settings = {ASSET_TAGS = (); }; };
		23E162A51BD992AE00D542E0 /* Parse.framework in Frameworks */ = {isa = PBXBuildFile; fileRef = 23E1629E1BD992AE00D542E0 /* Parse.framework */; settings = {ASSET_TAGS = (); }; };
		23E162A61BD992AE00D542E0 /* ParseCrashReporting.framework in Frameworks */ = {isa = PBXBuildFile; fileRef = 23E1629F1BD992AE00D542E0 /* ParseCrashReporting.framework */; settings = {ASSET_TAGS = (); }; };
		23E162A71BD992AE00D542E0 /* ParseFacebookUtils.framework in Frameworks */ = {isa = PBXBuildFile; fileRef = 23E162A01BD992AE00D542E0 /* ParseFacebookUtils.framework */; settings = {ASSET_TAGS = (); }; };
		23E162A81BD992AE00D542E0 /* ParseFacebookUtilsV4.framework in Frameworks */ = {isa = PBXBuildFile; fileRef = 23E162A11BD992AE00D542E0 /* ParseFacebookUtilsV4.framework */; settings = {ASSET_TAGS = (); }; };
		23E162A91BD992AE00D542E0 /* ParseTwitterUtils.framework in Frameworks */ = {isa = PBXBuildFile; fileRef = 23E162A21BD992AE00D542E0 /* ParseTwitterUtils.framework */; settings = {ASSET_TAGS = (); }; };
		23E162AA1BD992AE00D542E0 /* ParseUI.framework in Frameworks */ = {isa = PBXBuildFile; fileRef = 23E162A31BD992AE00D542E0 /* ParseUI.framework */; settings = {ASSET_TAGS = (); }; };
		23E162AC1BD992E000D542E0 /* AudioToolbox.framework in Frameworks */ = {isa = PBXBuildFile; fileRef = 23E162AB1BD992E000D542E0 /* AudioToolbox.framework */; };
		23E162AE1BD992FA00D542E0 /* CFNetwork.framework in Frameworks */ = {isa = PBXBuildFile; fileRef = 23E162AD1BD992FA00D542E0 /* CFNetwork.framework */; };
		23E162B01BD9930100D542E0 /* CoreGraphics.framework in Frameworks */ = {isa = PBXBuildFile; fileRef = 23E162AF1BD9930100D542E0 /* CoreGraphics.framework */; };
		23E162B21BD9930700D542E0 /* CoreLocation.framework in Frameworks */ = {isa = PBXBuildFile; fileRef = 23E162B11BD9930700D542E0 /* CoreLocation.framework */; };
		23E162B41BD9930E00D542E0 /* QuartzCore.framework in Frameworks */ = {isa = PBXBuildFile; fileRef = 23E162B31BD9930E00D542E0 /* QuartzCore.framework */; };
		23E162B61BD9931700D542E0 /* Security.framework in Frameworks */ = {isa = PBXBuildFile; fileRef = 23E162B51BD9931700D542E0 /* Security.framework */; };
		23E162B81BD9931D00D542E0 /* StoreKit.framework in Frameworks */ = {isa = PBXBuildFile; fileRef = 23E162B71BD9931D00D542E0 /* StoreKit.framework */; };
		23E162BA1BD9932600D542E0 /* SystemConfiguration.framework in Frameworks */ = {isa = PBXBuildFile; fileRef = 23E162B91BD9932600D542E0 /* SystemConfiguration.framework */; };
		23E162BC1BD9933000D542E0 /* libz.tbd in Frameworks */ = {isa = PBXBuildFile; fileRef = 23E162BB1BD9933000D542E0 /* libz.tbd */; };
		23E162BE1BD9933A00D542E0 /* libsqlite3.tbd in Frameworks */ = {isa = PBXBuildFile; fileRef = 23E162BD1BD9933A00D542E0 /* libsqlite3.tbd */; };
		23E162C01BD9935100D542E0 /* Accounts.framework in Frameworks */ = {isa = PBXBuildFile; fileRef = 23E162BF1BD9935100D542E0 /* Accounts.framework */; };
		23E162C21BD9935700D542E0 /* Social.framework in Frameworks */ = {isa = PBXBuildFile; fileRef = 23E162C11BD9935700D542E0 /* Social.framework */; };
		23E163711BDB183300D542E0 /* UserCommentsTableViewController.m in Sources */ = {isa = PBXBuildFile; fileRef = 23E163701BDB183300D542E0 /* UserCommentsTableViewController.m */; settings = {ASSET_TAGS = (); }; };
		23E163741BDB184F00D542E0 /* ActivityFeedCommentsTableViewController.m in Sources */ = {isa = PBXBuildFile; fileRef = 23E163731BDB184F00D542E0 /* ActivityFeedCommentsTableViewController.m */; settings = {ASSET_TAGS = (); }; };
		23E163771BDB187500D542E0 /* ActivityFeedViewController.m in Sources */ = {isa = PBXBuildFile; fileRef = 23E163761BDB187500D542E0 /* ActivityFeedViewController.m */; settings = {ASSET_TAGS = (); }; };
		23E1637A1BDB18D500D542E0 /* CameraViewController.m in Sources */ = {isa = PBXBuildFile; fileRef = 23E163791BDB18D500D542E0 /* CameraViewController.m */; settings = {ASSET_TAGS = (); }; };
		23E1637D1BDB18FB00D542E0 /* HomeViewController.m in Sources */ = {isa = PBXBuildFile; fileRef = 23E1637C1BDB18FB00D542E0 /* HomeViewController.m */; settings = {ASSET_TAGS = (); }; };
		23E163801BDB193100D542E0 /* ProfileViewController.m in Sources */ = {isa = PBXBuildFile; fileRef = 23E1637F1BDB193100D542E0 /* ProfileViewController.m */; settings = {ASSET_TAGS = (); }; };
/* End PBXBuildFile section */

/* Begin PBXContainerItemProxy section */
		23E162801BD991C400D542E0 /* PBXContainerItemProxy */ = {
			isa = PBXContainerItemProxy;
			containerPortal = 23E1625E1BD991C400D542E0 /* Project object */;
			proxyType = 1;
			remoteGlobalIDString = 23E162651BD991C400D542E0;
			remoteInfo = Picster;
		};
		23E1628B1BD991C400D542E0 /* PBXContainerItemProxy */ = {
			isa = PBXContainerItemProxy;
			containerPortal = 23E1625E1BD991C400D542E0 /* Project object */;
			proxyType = 1;
			remoteGlobalIDString = 23E162651BD991C400D542E0;
			remoteInfo = Picster;
		};
/* End PBXContainerItemProxy section */

/* Begin PBXFileReference section */
		23E162661BD991C400D542E0 /* Picster.app */ = {isa = PBXFileReference; explicitFileType = wrapper.application; includeInIndex = 0; path = Picster.app; sourceTree = BUILT_PRODUCTS_DIR; };
		23E1626A1BD991C400D542E0 /* main.m */ = {isa = PBXFileReference; lastKnownFileType = sourcecode.c.objc; path = main.m; sourceTree = "<group>"; };
		23E1626C1BD991C400D542E0 /* AppDelegate.h */ = {isa = PBXFileReference; lastKnownFileType = sourcecode.c.h; path = AppDelegate.h; sourceTree = "<group>"; };
		23E1626D1BD991C400D542E0 /* AppDelegate.m */ = {isa = PBXFileReference; lastKnownFileType = sourcecode.c.objc; path = AppDelegate.m; sourceTree = "<group>"; };
		23E162731BD991C400D542E0 /* Base */ = {isa = PBXFileReference; lastKnownFileType = file.storyboard; name = Base; path = Base.lproj/Main.storyboard; sourceTree = "<group>"; };
		23E162751BD991C400D542E0 /* Assets.xcassets */ = {isa = PBXFileReference; lastKnownFileType = folder.assetcatalog; path = Assets.xcassets; sourceTree = "<group>"; };
		23E162781BD991C400D542E0 /* Base */ = {isa = PBXFileReference; lastKnownFileType = file.storyboard; name = Base; path = Base.lproj/LaunchScreen.storyboard; sourceTree = "<group>"; };
		23E1627A1BD991C400D542E0 /* Info.plist */ = {isa = PBXFileReference; lastKnownFileType = text.plist.xml; path = Info.plist; sourceTree = "<group>"; };
		23E1627F1BD991C400D542E0 /* PicsterTests.xctest */ = {isa = PBXFileReference; explicitFileType = wrapper.cfbundle; includeInIndex = 0; path = PicsterTests.xctest; sourceTree = BUILT_PRODUCTS_DIR; };
		23E162831BD991C400D542E0 /* PicsterTests.m */ = {isa = PBXFileReference; lastKnownFileType = sourcecode.c.objc; path = PicsterTests.m; sourceTree = "<group>"; };
		23E162851BD991C400D542E0 /* Info.plist */ = {isa = PBXFileReference; lastKnownFileType = text.plist.xml; path = Info.plist; sourceTree = "<group>"; };
		23E1628A1BD991C400D542E0 /* PicsterUITests.xctest */ = {isa = PBXFileReference; explicitFileType = wrapper.cfbundle; includeInIndex = 0; path = PicsterUITests.xctest; sourceTree = BUILT_PRODUCTS_DIR; };
		23E1628E1BD991C400D542E0 /* PicsterUITests.m */ = {isa = PBXFileReference; lastKnownFileType = sourcecode.c.objc; path = PicsterUITests.m; sourceTree = "<group>"; };
		23E162901BD991C400D542E0 /* Info.plist */ = {isa = PBXFileReference; lastKnownFileType = text.plist.xml; path = Info.plist; sourceTree = "<group>"; };
		23E1629D1BD992AE00D542E0 /* Bolts.framework */ = {isa = PBXFileReference; lastKnownFileType = wrapper.framework; path = Bolts.framework; sourceTree = "<group>"; };
		23E1629E1BD992AE00D542E0 /* Parse.framework */ = {isa = PBXFileReference; lastKnownFileType = wrapper.framework; path = Parse.framework; sourceTree = "<group>"; };
		23E1629F1BD992AE00D542E0 /* ParseCrashReporting.framework */ = {isa = PBXFileReference; lastKnownFileType = wrapper.framework; path = ParseCrashReporting.framework; sourceTree = "<group>"; };
		23E162A01BD992AE00D542E0 /* ParseFacebookUtils.framework */ = {isa = PBXFileReference; lastKnownFileType = wrapper.framework; path = ParseFacebookUtils.framework; sourceTree = "<group>"; };
		23E162A11BD992AE00D542E0 /* ParseFacebookUtilsV4.framework */ = {isa = PBXFileReference; lastKnownFileType = wrapper.framework; path = ParseFacebookUtilsV4.framework; sourceTree = "<group>"; };
		23E162A21BD992AE00D542E0 /* ParseTwitterUtils.framework */ = {isa = PBXFileReference; lastKnownFileType = wrapper.framework; path = ParseTwitterUtils.framework; sourceTree = "<group>"; };
		23E162A31BD992AE00D542E0 /* ParseUI.framework */ = {isa = PBXFileReference; lastKnownFileType = wrapper.framework; path = ParseUI.framework; sourceTree = "<group>"; };
		23E162AB1BD992E000D542E0 /* AudioToolbox.framework */ = {isa = PBXFileReference; lastKnownFileType = wrapper.framework; name = AudioToolbox.framework; path = System/Library/Frameworks/AudioToolbox.framework; sourceTree = SDKROOT; };
		23E162AD1BD992FA00D542E0 /* CFNetwork.framework */ = {isa = PBXFileReference; lastKnownFileType = wrapper.framework; name = CFNetwork.framework; path = System/Library/Frameworks/CFNetwork.framework; sourceTree = SDKROOT; };
		23E162AF1BD9930100D542E0 /* CoreGraphics.framework */ = {isa = PBXFileReference; lastKnownFileType = wrapper.framework; name = CoreGraphics.framework; path = System/Library/Frameworks/CoreGraphics.framework; sourceTree = SDKROOT; };
		23E162B11BD9930700D542E0 /* CoreLocation.framework */ = {isa = PBXFileReference; lastKnownFileType = wrapper.framework; name = CoreLocation.framework; path = System/Library/Frameworks/CoreLocation.framework; sourceTree = SDKROOT; };
		23E162B31BD9930E00D542E0 /* QuartzCore.framework */ = {isa = PBXFileReference; lastKnownFileType = wrapper.framework; name = QuartzCore.framework; path = System/Library/Frameworks/QuartzCore.framework; sourceTree = SDKROOT; };
		23E162B51BD9931700D542E0 /* Security.framework */ = {isa = PBXFileReference; lastKnownFileType = wrapper.framework; name = Security.framework; path = System/Library/Frameworks/Security.framework; sourceTree = SDKROOT; };
		23E162B71BD9931D00D542E0 /* StoreKit.framework */ = {isa = PBXFileReference; lastKnownFileType = wrapper.framework; name = StoreKit.framework; path = System/Library/Frameworks/StoreKit.framework; sourceTree = SDKROOT; };
		23E162B91BD9932600D542E0 /* SystemConfiguration.framework */ = {isa = PBXFileReference; lastKnownFileType = wrapper.framework; name = SystemConfiguration.framework; path = System/Library/Frameworks/SystemConfiguration.framework; sourceTree = SDKROOT; };
		23E162BB1BD9933000D542E0 /* libz.tbd */ = {isa = PBXFileReference; lastKnownFileType = "sourcecode.text-based-dylib-definition"; name = libz.tbd; path = usr/lib/libz.tbd; sourceTree = SDKROOT; };
		23E162BD1BD9933A00D542E0 /* libsqlite3.tbd */ = {isa = PBXFileReference; lastKnownFileType = "sourcecode.text-based-dylib-definition"; name = libsqlite3.tbd; path = usr/lib/libsqlite3.tbd; sourceTree = SDKROOT; };
		23E162BF1BD9935100D542E0 /* Accounts.framework */ = {isa = PBXFileReference; lastKnownFileType = wrapper.framework; name = Accounts.framework; path = System/Library/Frameworks/Accounts.framework; sourceTree = SDKROOT; };
		23E162C11BD9935700D542E0 /* Social.framework */ = {isa = PBXFileReference; lastKnownFileType = wrapper.framework; name = Social.framework; path = System/Library/Frameworks/Social.framework; sourceTree = SDKROOT; };
		23E1636F1BDB183300D542E0 /* UserCommentsTableViewController.h */ = {isa = PBXFileReference; fileEncoding = 4; lastKnownFileType = sourcecode.c.h; path = UserCommentsTableViewController.h; sourceTree = "<group>"; };
		23E163701BDB183300D542E0 /* UserCommentsTableViewController.m */ = {isa = PBXFileReference; fileEncoding = 4; lastKnownFileType = sourcecode.c.objc; path = UserCommentsTableViewController.m; sourceTree = "<group>"; };
		23E163721BDB184F00D542E0 /* ActivityFeedCommentsTableViewController.h */ = {isa = PBXFileReference; fileEncoding = 4; lastKnownFileType = sourcecode.c.h; path = ActivityFeedCommentsTableViewController.h; sourceTree = "<group>"; };
		23E163731BDB184F00D542E0 /* ActivityFeedCommentsTableViewController.m */ = {isa = PBXFileReference; fileEncoding = 4; lastKnownFileType = sourcecode.c.objc; path = ActivityFeedCommentsTableViewController.m; sourceTree = "<group>"; };
		23E163751BDB187500D542E0 /* ActivityFeedViewController.h */ = {isa = PBXFileReference; fileEncoding = 4; lastKnownFileType = sourcecode.c.h; path = ActivityFeedViewController.h; sourceTree = "<group>"; };
		23E163761BDB187500D542E0 /* ActivityFeedViewController.m */ = {isa = PBXFileReference; fileEncoding = 4; lastKnownFileType = sourcecode.c.objc; path = ActivityFeedViewController.m; sourceTree = "<group>"; };
		23E163781BDB18D500D542E0 /* CameraViewController.h */ = {isa = PBXFileReference; fileEncoding = 4; lastKnownFileType = sourcecode.c.h; path = CameraViewController.h; sourceTree = "<group>"; };
		23E163791BDB18D500D542E0 /* CameraViewController.m */ = {isa = PBXFileReference; fileEncoding = 4; lastKnownFileType = sourcecode.c.objc; path = CameraViewController.m; sourceTree = "<group>"; };
		23E1637B1BDB18FB00D542E0 /* HomeViewController.h */ = {isa = PBXFileReference; fileEncoding = 4; lastKnownFileType = sourcecode.c.h; path = HomeViewController.h; sourceTree = "<group>"; };
		23E1637C1BDB18FB00D542E0 /* HomeViewController.m */ = {isa = PBXFileReference; fileEncoding = 4; lastKnownFileType = sourcecode.c.objc; path = HomeViewController.m; sourceTree = "<group>"; };
		23E1637E1BDB193100D542E0 /* ProfileViewController.h */ = {isa = PBXFileReference; fileEncoding = 4; lastKnownFileType = sourcecode.c.h; path = ProfileViewController.h; sourceTree = "<group>"; };
		23E1637F1BDB193100D542E0 /* ProfileViewController.m */ = {isa = PBXFileReference; fileEncoding = 4; lastKnownFileType = sourcecode.c.objc; path = ProfileViewController.m; sourceTree = "<group>"; };
/* End PBXFileReference section */

/* Begin PBXFrameworksBuildPhase section */
		23E162631BD991C400D542E0 /* Frameworks */ = {
			isa = PBXFrameworksBuildPhase;
			buildActionMask = 2147483647;
			files = (
				23E162C21BD9935700D542E0 /* Social.framework in Frameworks */,
				23E162C01BD9935100D542E0 /* Accounts.framework in Frameworks */,
				23E162BE1BD9933A00D542E0 /* libsqlite3.tbd in Frameworks */,
				23E162BC1BD9933000D542E0 /* libz.tbd in Frameworks */,
				23E162BA1BD9932600D542E0 /* SystemConfiguration.framework in Frameworks */,
				23E162B81BD9931D00D542E0 /* StoreKit.framework in Frameworks */,
				23E162B61BD9931700D542E0 /* Security.framework in Frameworks */,
				23E162B41BD9930E00D542E0 /* QuartzCore.framework in Frameworks */,
				23E162B21BD9930700D542E0 /* CoreLocation.framework in Frameworks */,
				23E162B01BD9930100D542E0 /* CoreGraphics.framework in Frameworks */,
				23E162AE1BD992FA00D542E0 /* CFNetwork.framework in Frameworks */,
				23E162AC1BD992E000D542E0 /* AudioToolbox.framework in Frameworks */,
				23E162A51BD992AE00D542E0 /* Parse.framework in Frameworks */,
				23E162A61BD992AE00D542E0 /* ParseCrashReporting.framework in Frameworks */,
				23E162AA1BD992AE00D542E0 /* ParseUI.framework in Frameworks */,
				23E162A71BD992AE00D542E0 /* ParseFacebookUtils.framework in Frameworks */,
				23E162A41BD992AE00D542E0 /* Bolts.framework in Frameworks */,
				23E162A91BD992AE00D542E0 /* ParseTwitterUtils.framework in Frameworks */,
				23E162A81BD992AE00D542E0 /* ParseFacebookUtilsV4.framework in Frameworks */,
			);
			runOnlyForDeploymentPostprocessing = 0;
		};
		23E1627C1BD991C400D542E0 /* Frameworks */ = {
			isa = PBXFrameworksBuildPhase;
			buildActionMask = 2147483647;
			files = (
			);
			runOnlyForDeploymentPostprocessing = 0;
		};
		23E162871BD991C400D542E0 /* Frameworks */ = {
			isa = PBXFrameworksBuildPhase;
			buildActionMask = 2147483647;
			files = (
			);
			runOnlyForDeploymentPostprocessing = 0;
		};
/* End PBXFrameworksBuildPhase section */

/* Begin PBXGroup section */
		23E1625D1BD991C400D542E0 = {
			isa = PBXGroup;
			children = (
				23E1636F1BDB183300D542E0 /* UserCommentsTableViewController.h */,
				23E163701BDB183300D542E0 /* UserCommentsTableViewController.m */,
				23E163721BDB184F00D542E0 /* ActivityFeedCommentsTableViewController.h */,
				23E163731BDB184F00D542E0 /* ActivityFeedCommentsTableViewController.m */,
				23E163751BDB187500D542E0 /* ActivityFeedViewController.h */,
				23E163761BDB187500D542E0 /* ActivityFeedViewController.m */,
				23E1629C1BD9927000D542E0 /* Framework */,
				23E162681BD991C400D542E0 /* Picster */,
				23E162821BD991C400D542E0 /* PicsterTests */,
				23E1628D1BD991C400D542E0 /* PicsterUITests */,
				23E162671BD991C400D542E0 /* Products */,
			);
			sourceTree = "<group>";
		};
		23E162671BD991C400D542E0 /* Products */ = {
			isa = PBXGroup;
			children = (
				23E162661BD991C400D542E0 /* Picster.app */,
				23E1627F1BD991C400D542E0 /* PicsterTests.xctest */,
				23E1628A1BD991C400D542E0 /* PicsterUITests.xctest */,
			);
			name = Products;
			sourceTree = "<group>";
		};
		23E162681BD991C400D542E0 /* Picster */ = {
			isa = PBXGroup;
			children = (
				23E1626C1BD991C400D542E0 /* AppDelegate.h */,
				23E1626D1BD991C400D542E0 /* AppDelegate.m */,
				23E162721BD991C400D542E0 /* Main.storyboard */,
				23E163781BDB18D500D542E0 /* CameraViewController.h */,
				23E163791BDB18D500D542E0 /* CameraViewController.m */,
				23E1637B1BDB18FB00D542E0 /* HomeViewController.h */,
				23E1637C1BDB18FB00D542E0 /* HomeViewController.m */,
				23E1637E1BDB193100D542E0 /* ProfileViewController.h */,
				23E1637F1BDB193100D542E0 /* ProfileViewController.m */,
				23E162751BD991C400D542E0 /* Assets.xcassets */,
				23E162771BD991C400D542E0 /* LaunchScreen.storyboard */,
				23E1627A1BD991C400D542E0 /* Info.plist */,
				23E162691BD991C400D542E0 /* Supporting Files */,
			);
			path = Picster;
			sourceTree = "<group>";
		};
		23E162691BD991C400D542E0 /* Supporting Files */ = {
			isa = PBXGroup;
			children = (
				23E1626A1BD991C400D542E0 /* main.m */,
			);
			name = "Supporting Files";
			sourceTree = "<group>";
		};
		23E162821BD991C400D542E0 /* PicsterTests */ = {
			isa = PBXGroup;
			children = (
				23E162831BD991C400D542E0 /* PicsterTests.m */,
				23E162851BD991C400D542E0 /* Info.plist */,
			);
			path = PicsterTests;
			sourceTree = "<group>";
		};
		23E1628D1BD991C400D542E0 /* PicsterUITests */ = {
			isa = PBXGroup;
			children = (
				23E1628E1BD991C400D542E0 /* PicsterUITests.m */,
				23E162901BD991C400D542E0 /* Info.plist */,
			);
			path = PicsterUITests;
			sourceTree = "<group>";
		};
		23E1629C1BD9927000D542E0 /* Framework */ = {
			isa = PBXGroup;
			children = (
				23E162C11BD9935700D542E0 /* Social.framework */,
				23E162BF1BD9935100D542E0 /* Accounts.framework */,
				23E162BD1BD9933A00D542E0 /* libsqlite3.tbd */,
				23E162BB1BD9933000D542E0 /* libz.tbd */,
				23E162B91BD9932600D542E0 /* SystemConfiguration.framework */,
				23E162B71BD9931D00D542E0 /* StoreKit.framework */,
				23E162B51BD9931700D542E0 /* Security.framework */,
				23E162B31BD9930E00D542E0 /* QuartzCore.framework */,
				23E162B11BD9930700D542E0 /* CoreLocation.framework */,
				23E162AF1BD9930100D542E0 /* CoreGraphics.framework */,
				23E162AD1BD992FA00D542E0 /* CFNetwork.framework */,
				23E162AB1BD992E000D542E0 /* AudioToolbox.framework */,
				23E1629D1BD992AE00D542E0 /* Bolts.framework */,
				23E1629E1BD992AE00D542E0 /* Parse.framework */,
				23E1629F1BD992AE00D542E0 /* ParseCrashReporting.framework */,
				23E162A01BD992AE00D542E0 /* ParseFacebookUtils.framework */,
				23E162A11BD992AE00D542E0 /* ParseFacebookUtilsV4.framework */,
				23E162A21BD992AE00D542E0 /* ParseTwitterUtils.framework */,
				23E162A31BD992AE00D542E0 /* ParseUI.framework */,
			);
			name = Framework;
			sourceTree = "<group>";
		};
/* End PBXGroup section */

/* Begin PBXNativeTarget section */
		23E162651BD991C400D542E0 /* Picster */ = {
			isa = PBXNativeTarget;
			buildConfigurationList = 23E162931BD991C400D542E0 /* Build configuration list for PBXNativeTarget "Picster" */;
			buildPhases = (
				23E162621BD991C400D542E0 /* Sources */,
				23E162631BD991C400D542E0 /* Frameworks */,
				23E162641BD991C400D542E0 /* Resources */,
			);
			buildRules = (
			);
			dependencies = (
			);
			name = Picster;
			productName = Picster;
			productReference = 23E162661BD991C400D542E0 /* Picster.app */;
			productType = "com.apple.product-type.application";
		};
		23E1627E1BD991C400D542E0 /* PicsterTests */ = {
			isa = PBXNativeTarget;
			buildConfigurationList = 23E162961BD991C400D542E0 /* Build configuration list for PBXNativeTarget "PicsterTests" */;
			buildPhases = (
				23E1627B1BD991C400D542E0 /* Sources */,
				23E1627C1BD991C400D542E0 /* Frameworks */,
				23E1627D1BD991C400D542E0 /* Resources */,
			);
			buildRules = (
			);
			dependencies = (
				23E162811BD991C400D542E0 /* PBXTargetDependency */,
			);
			name = PicsterTests;
			productName = PicsterTests;
			productReference = 23E1627F1BD991C400D542E0 /* PicsterTests.xctest */;
			productType = "com.apple.product-type.bundle.unit-test";
		};
		23E162891BD991C400D542E0 /* PicsterUITests */ = {
			isa = PBXNativeTarget;
			buildConfigurationList = 23E162991BD991C400D542E0 /* Build configuration list for PBXNativeTarget "PicsterUITests" */;
			buildPhases = (
				23E162861BD991C400D542E0 /* Sources */,
				23E162871BD991C400D542E0 /* Frameworks */,
				23E162881BD991C400D542E0 /* Resources */,
			);
			buildRules = (
			);
			dependencies = (
				23E1628C1BD991C400D542E0 /* PBXTargetDependency */,
			);
			name = PicsterUITests;
			productName = PicsterUITests;
			productReference = 23E1628A1BD991C400D542E0 /* PicsterUITests.xctest */;
			productType = "com.apple.product-type.bundle.ui-testing";
		};
/* End PBXNativeTarget section */

/* Begin PBXProject section */
		23E1625E1BD991C400D542E0 /* Project object */ = {
			isa = PBXProject;
			attributes = {
				LastUpgradeCheck = 0700;
				ORGANIZATIONNAME = "Jake Castro";
				TargetAttributes = {
					23E162651BD991C400D542E0 = {
						CreatedOnToolsVersion = 7.0;
						DevelopmentTeam = MKHFE7CYBE;
					};
					23E1627E1BD991C400D542E0 = {
						CreatedOnToolsVersion = 7.0;
						DevelopmentTeam = MKHFE7CYBE;
						TestTargetID = 23E162651BD991C400D542E0;
					};
					23E162891BD991C400D542E0 = {
						CreatedOnToolsVersion = 7.0;
						DevelopmentTeam = MKHFE7CYBE;
						TestTargetID = 23E162651BD991C400D542E0;
					};
				};
			};
			buildConfigurationList = 23E162611BD991C400D542E0 /* Build configuration list for PBXProject "Picster" */;
			compatibilityVersion = "Xcode 3.2";
			developmentRegion = English;
			hasScannedForEncodings = 0;
			knownRegions = (
				en,
				Base,
			);
			mainGroup = 23E1625D1BD991C400D542E0;
			productRefGroup = 23E162671BD991C400D542E0 /* Products */;
			projectDirPath = "";
			projectRoot = "";
			targets = (
				23E162651BD991C400D542E0 /* Picster */,
				23E1627E1BD991C400D542E0 /* PicsterTests */,
				23E162891BD991C400D542E0 /* PicsterUITests */,
			);
		};
/* End PBXProject section */

/* Begin PBXResourcesBuildPhase section */
		23E162641BD991C400D542E0 /* Resources */ = {
			isa = PBXResourcesBuildPhase;
			buildActionMask = 2147483647;
			files = (
				23E162791BD991C400D542E0 /* LaunchScreen.storyboard in Resources */,
				23E162761BD991C400D542E0 /* Assets.xcassets in Resources */,
				23E162741BD991C400D542E0 /* Main.storyboard in Resources */,
			);
			runOnlyForDeploymentPostprocessing = 0;
		};
		23E1627D1BD991C400D542E0 /* Resources */ = {
			isa = PBXResourcesBuildPhase;
			buildActionMask = 2147483647;
			files = (
			);
			runOnlyForDeploymentPostprocessing = 0;
		};
		23E162881BD991C400D542E0 /* Resources */ = {
			isa = PBXResourcesBuildPhase;
			buildActionMask = 2147483647;
			files = (
			);
			runOnlyForDeploymentPostprocessing = 0;
		};
/* End PBXResourcesBuildPhase section */

/* Begin PBXSourcesBuildPhase section */
		23E162621BD991C400D542E0 /* Sources */ = {
			isa = PBXSourcesBuildPhase;
			buildActionMask = 2147483647;
			files = (
				23E1626E1BD991C400D542E0 /* AppDelegate.m in Sources */,
				23E163711BDB183300D542E0 /* UserCommentsTableViewController.m in Sources */,
				23E163801BDB193100D542E0 /* ProfileViewController.m in Sources */,
				23E1626B1BD991C400D542E0 /* main.m in Sources */,
				23E1637A1BDB18D500D542E0 /* CameraViewController.m in Sources */,
				23E163771BDB187500D542E0 /* ActivityFeedViewController.m in Sources */,
				23E1637D1BDB18FB00D542E0 /* HomeViewController.m in Sources */,
				23E163741BDB184F00D542E0 /* ActivityFeedCommentsTableViewController.m in Sources */,
			);
			runOnlyForDeploymentPostprocessing = 0;
		};
		23E1627B1BD991C400D542E0 /* Sources */ = {
			isa = PBXSourcesBuildPhase;
			buildActionMask = 2147483647;
			files = (
				23E162841BD991C400D542E0 /* PicsterTests.m in Sources */,
			);
			runOnlyForDeploymentPostprocessing = 0;
		};
		23E162861BD991C400D542E0 /* Sources */ = {
			isa = PBXSourcesBuildPhase;
			buildActionMask = 2147483647;
			files = (
				23E1628F1BD991C400D542E0 /* PicsterUITests.m in Sources */,
			);
			runOnlyForDeploymentPostprocessing = 0;
		};
/* End PBXSourcesBuildPhase section */

/* Begin PBXTargetDependency section */
		23E162811BD991C400D542E0 /* PBXTargetDependency */ = {
			isa = PBXTargetDependency;
			target = 23E162651BD991C400D542E0 /* Picster */;
			targetProxy = 23E162801BD991C400D542E0 /* PBXContainerItemProxy */;
		};
		23E1628C1BD991C400D542E0 /* PBXTargetDependency */ = {
			isa = PBXTargetDependency;
			target = 23E162651BD991C400D542E0 /* Picster */;
			targetProxy = 23E1628B1BD991C400D542E0 /* PBXContainerItemProxy */;
		};
/* End PBXTargetDependency section */

/* Begin PBXVariantGroup section */
		23E162721BD991C400D542E0 /* Main.storyboard */ = {
			isa = PBXVariantGroup;
			children = (
				23E162731BD991C400D542E0 /* Base */,
			);
			name = Main.storyboard;
			sourceTree = "<group>";
		};
		23E162771BD991C400D542E0 /* LaunchScreen.storyboard */ = {
			isa = PBXVariantGroup;
			children = (
				23E162781BD991C400D542E0 /* Base */,
			);
			name = LaunchScreen.storyboard;
			sourceTree = "<group>";
		};
/* End PBXVariantGroup section */

/* Begin XCBuildConfiguration section */
		23E162911BD991C400D542E0 /* Debug */ = {
			isa = XCBuildConfiguration;
			buildSettings = {
				ALWAYS_SEARCH_USER_PATHS = NO;
				CLANG_CXX_LANGUAGE_STANDARD = "gnu++0x";
				CLANG_CXX_LIBRARY = "libc++";
				CLANG_ENABLE_MODULES = YES;
				CLANG_ENABLE_OBJC_ARC = YES;
				CLANG_WARN_BOOL_CONVERSION = YES;
				CLANG_WARN_CONSTANT_CONVERSION = YES;
				CLANG_WARN_DIRECT_OBJC_ISA_USAGE = YES_ERROR;
				CLANG_WARN_EMPTY_BODY = YES;
				CLANG_WARN_ENUM_CONVERSION = YES;
				CLANG_WARN_INT_CONVERSION = YES;
				CLANG_WARN_OBJC_ROOT_CLASS = YES_ERROR;
				CLANG_WARN_UNREACHABLE_CODE = YES;
				CLANG_WARN__DUPLICATE_METHOD_MATCH = YES;
				"CODE_SIGN_IDENTITY[sdk=iphoneos*]" = "iPhone Developer";
				COPY_PHASE_STRIP = NO;
				DEBUG_INFORMATION_FORMAT = dwarf;
				ENABLE_STRICT_OBJC_MSGSEND = YES;
				ENABLE_TESTABILITY = YES;
				GCC_C_LANGUAGE_STANDARD = gnu99;
				GCC_DYNAMIC_NO_PIC = NO;
				GCC_NO_COMMON_BLOCKS = YES;
				GCC_OPTIMIZATION_LEVEL = 0;
				GCC_PREPROCESSOR_DEFINITIONS = (
					"DEBUG=1",
					"$(inherited)",
				);
				GCC_WARN_64_TO_32_BIT_CONVERSION = YES;
				GCC_WARN_ABOUT_RETURN_TYPE = YES_ERROR;
				GCC_WARN_UNDECLARED_SELECTOR = YES;
				GCC_WARN_UNINITIALIZED_AUTOS = YES_AGGRESSIVE;
				GCC_WARN_UNUSED_FUNCTION = YES;
				GCC_WARN_UNUSED_VARIABLE = YES;
				IPHONEOS_DEPLOYMENT_TARGET = 9.0;
				MTL_ENABLE_DEBUG_INFO = YES;
				ONLY_ACTIVE_ARCH = YES;
				SDKROOT = iphoneos;
				TARGETED_DEVICE_FAMILY = "1,2";
			};
			name = Debug;
		};
		23E162921BD991C400D542E0 /* Release */ = {
			isa = XCBuildConfiguration;
			buildSettings = {
				ALWAYS_SEARCH_USER_PATHS = NO;
				CLANG_CXX_LANGUAGE_STANDARD = "gnu++0x";
				CLANG_CXX_LIBRARY = "libc++";
				CLANG_ENABLE_MODULES = YES;
				CLANG_ENABLE_OBJC_ARC = YES;
				CLANG_WARN_BOOL_CONVERSION = YES;
				CLANG_WARN_CONSTANT_CONVERSION = YES;
				CLANG_WARN_DIRECT_OBJC_ISA_USAGE = YES_ERROR;
				CLANG_WARN_EMPTY_BODY = YES;
				CLANG_WARN_ENUM_CONVERSION = YES;
				CLANG_WARN_INT_CONVERSION = YES;
				CLANG_WARN_OBJC_ROOT_CLASS = YES_ERROR;
				CLANG_WARN_UNREACHABLE_CODE = YES;
				CLANG_WARN__DUPLICATE_METHOD_MATCH = YES;
				"CODE_SIGN_IDENTITY[sdk=iphoneos*]" = "iPhone Developer";
				COPY_PHASE_STRIP = NO;
				DEBUG_INFORMATION_FORMAT = "dwarf-with-dsym";
				ENABLE_NS_ASSERTIONS = NO;
				ENABLE_STRICT_OBJC_MSGSEND = YES;
				GCC_C_LANGUAGE_STANDARD = gnu99;
				GCC_NO_COMMON_BLOCKS = YES;
				GCC_WARN_64_TO_32_BIT_CONVERSION = YES;
				GCC_WARN_ABOUT_RETURN_TYPE = YES_ERROR;
				GCC_WARN_UNDECLARED_SELECTOR = YES;
				GCC_WARN_UNINITIALIZED_AUTOS = YES_AGGRESSIVE;
				GCC_WARN_UNUSED_FUNCTION = YES;
				GCC_WARN_UNUSED_VARIABLE = YES;
				IPHONEOS_DEPLOYMENT_TARGET = 9.0;
				MTL_ENABLE_DEBUG_INFO = NO;
				SDKROOT = iphoneos;
				TARGETED_DEVICE_FAMILY = "1,2";
				VALIDATE_PRODUCT = YES;
			};
			name = Release;
		};
		23E162941BD991C400D542E0 /* Debug */ = {
			isa = XCBuildConfiguration;
			buildSettings = {
				ASSETCATALOG_COMPILER_APPICON_NAME = AppIcon;
				FRAMEWORK_SEARCH_PATHS = (
					"$(inherited)",
					"$(PROJECT_DIR)",
				);
				INFOPLIST_FILE = Picster/Info.plist;
				LD_RUNPATH_SEARCH_PATHS = "$(inherited) @executable_path/Frameworks";
				PRODUCT_BUNDLE_IDENTIFIER = MM.Picster;
				PRODUCT_NAME = "$(TARGET_NAME)";
			};
			name = Debug;
		};
		23E162951BD991C400D542E0 /* Release */ = {
			isa = XCBuildConfiguration;
			buildSettings = {
				ASSETCATALOG_COMPILER_APPICON_NAME = AppIcon;
				FRAMEWORK_SEARCH_PATHS = (
					"$(inherited)",
					"$(PROJECT_DIR)",
				);
				INFOPLIST_FILE = Picster/Info.plist;
				LD_RUNPATH_SEARCH_PATHS = "$(inherited) @executable_path/Frameworks";
				PRODUCT_BUNDLE_IDENTIFIER = MM.Picster;
				PRODUCT_NAME = "$(TARGET_NAME)";
			};
			name = Release;
		};
		23E162971BD991C400D542E0 /* Debug */ = {
			isa = XCBuildConfiguration;
			buildSettings = {
				BUNDLE_LOADER = "$(TEST_HOST)";
				INFOPLIST_FILE = PicsterTests/Info.plist;
				LD_RUNPATH_SEARCH_PATHS = "$(inherited) @executable_path/Frameworks @loader_path/Frameworks";
				PRODUCT_BUNDLE_IDENTIFIER = MM.PicsterTests;
				PRODUCT_NAME = "$(TARGET_NAME)";
				TEST_HOST = "$(BUILT_PRODUCTS_DIR)/Picster.app/Picster";
			};
			name = Debug;
		};
		23E162981BD991C400D542E0 /* Release */ = {
			isa = XCBuildConfiguration;
			buildSettings = {
				BUNDLE_LOADER = "$(TEST_HOST)";
				INFOPLIST_FILE = PicsterTests/Info.plist;
				LD_RUNPATH_SEARCH_PATHS = "$(inherited) @executable_path/Frameworks @loader_path/Frameworks";
				PRODUCT_BUNDLE_IDENTIFIER = MM.PicsterTests;
				PRODUCT_NAME = "$(TARGET_NAME)";
				TEST_HOST = "$(BUILT_PRODUCTS_DIR)/Picster.app/Picster";
			};
			name = Release;
		};
		23E1629A1BD991C400D542E0 /* Debug */ = {
			isa = XCBuildConfiguration;
			buildSettings = {
				INFOPLIST_FILE = PicsterUITests/Info.plist;
				LD_RUNPATH_SEARCH_PATHS = "$(inherited) @executable_path/Frameworks @loader_path/Frameworks";
				PRODUCT_BUNDLE_IDENTIFIER = MM.PicsterUITests;
				PRODUCT_NAME = "$(TARGET_NAME)";
				TEST_TARGET_NAME = Picster;
				USES_XCTRUNNER = YES;
			};
			name = Debug;
		};
		23E1629B1BD991C400D542E0 /* Release */ = {
			isa = XCBuildConfiguration;
			buildSettings = {
				INFOPLIST_FILE = PicsterUITests/Info.plist;
				LD_RUNPATH_SEARCH_PATHS = "$(inherited) @executable_path/Frameworks @loader_path/Frameworks";
				PRODUCT_BUNDLE_IDENTIFIER = MM.PicsterUITests;
				PRODUCT_NAME = "$(TARGET_NAME)";
				TEST_TARGET_NAME = Picster;
				USES_XCTRUNNER = YES;
			};
			name = Release;
		};
/* End XCBuildConfiguration section */

/* Begin XCConfigurationList section */
		23E162611BD991C400D542E0 /* Build configuration list for PBXProject "Picster" */ = {
			isa = XCConfigurationList;
			buildConfigurations = (
				23E162911BD991C400D542E0 /* Debug */,
				23E162921BD991C400D542E0 /* Release */,
			);
			defaultConfigurationIsVisible = 0;
			defaultConfigurationName = Release;
		};
		23E162931BD991C400D542E0 /* Build configuration list for PBXNativeTarget "Picster" */ = {
			isa = XCConfigurationList;
			buildConfigurations = (
				23E162941BD991C400D542E0 /* Debug */,
				23E162951BD991C400D542E0 /* Release */,
			);
			defaultConfigurationIsVisible = 0;
			defaultConfigurationName = Release;
		};
		23E162961BD991C400D542E0 /* Build configuration list for PBXNativeTarget "PicsterTests" */ = {
			isa = XCConfigurationList;
			buildConfigurations = (
				23E162971BD991C400D542E0 /* Debug */,
				23E162981BD991C400D542E0 /* Release */,
			);
			defaultConfigurationIsVisible = 0;
			defaultConfigurationName = Release;
		};
		23E162991BD991C400D542E0 /* Build configuration list for PBXNativeTarget "PicsterUITests" */ = {
			isa = XCConfigurationList;
			buildConfigurations = (
				23E1629A1BD991C400D542E0 /* Debug */,
				23E1629B1BD991C400D542E0 /* Release */,
			);
			defaultConfigurationIsVisible = 0;
			defaultConfigurationName = Release;
		};
/* End XCConfigurationList section */
	};
	rootObject = 23E1625E1BD991C400D542E0 /* Project object */;
}
